
Microsoft Visual Studio Solution File, Format Version 12.00
# Visual Studio Version 17
VisualStudioVersion = 17.5.33209.295
MinimumVisualStudioVersion = 10.0.40219.1
Project("{FAE04EC0-301F-11D3-BF4B-00C04F79EFBC}") = "EventSourcingDemo", "EventSourcingDemo\EventSourcingDemo.csproj", "{AB089AF8-209E-4B9B-AE7A-B595BF196F59}"
EndProject
Global
	GlobalSection(SolutionConfigurationPlatforms) = preSolution
		Debug|Any CPU = Debug|Any CPU
		Release|Any CPU = Release|Any CPU
	EndGlobalSection
	GlobalSection(ProjectConfigurationPlatforms) = postSolution
		{AB089AF8-209E-4B9B-AE7A-B595BF196F59}.Debug|Any CPU.ActiveCfg = Debug|Any CPU
		{AB089AF8-209E-4B9B-AE7A-B595BF196F59}.Debug|Any CPU.Build.0 = Debug|Any CPU
		{AB089AF8-209E-4B9B-AE7A-B595BF196F59}.Release|Any CPU.ActiveCfg = Release|Any CPU
		{AB089AF8-209E-4B9B-AE7A-B595BF196F59}.Release|Any CPU.Build.0 = Release|Any CPU
	EndGlobalSection
	GlobalSection(SolutionProperties) = preSolution
		HideSolutionNode = FALSE
	EndGlobalSection
	GlobalSection(ExtensibilityGlobals) = postSolution
		SolutionGuid = {0A6985D2-4BBC-4BE6-B059-19840595FC04}
	EndGlobalSection
EndGlobal
